Microsoft Visual Studio Solution File, Format Version 11.00
# Visual Studio 2008

Project("{C5DC7A57-02A0-86ED-80BE-903D654B2386}") = "GoldDigger", "Assembly-CSharp-firstpass.csproj", "{136A8454-C0D2-D5C3-6251-061AF95E5892}"
EndProject
Project("{C5DC7A57-02A0-86ED-80BE-903D654B2386}") = "GoldDigger", "Assembly-CSharp.csproj", "{9A815FFA-63EC-4C18-559E-52FE543D8860}"
EndProject
Project("{C5DC7A57-02A0-86ED-80BE-903D654B2386}") = "GoldDigger", "Assembly-CSharp-Editor.csproj", "{8013C675-5ECF-6C1A-25BA-F555CF8ED4EB}"
EndProject
Global
	GlobalSection(SolutionConfigurationPlatforms) = preSolution
		Debug|Any CPU = Debug|Any CPU
		Release|Any CPU = Release|Any CPU
	EndGlobalSection
	GlobalSection(ProjectConfigurationPlatforms) = postSolution
		{136A8454-C0D2-D5C3-6251-061AF95E5892}.Debug|Any CPU.ActiveCfg = Debug|Any CPU
		{136A8454-C0D2-D5C3-6251-061AF95E5892}.Debug|Any CPU.Build.0 = Debug|Any CPU
		{136A8454-C0D2-D5C3-6251-061AF95E5892}.Release|Any CPU.ActiveCfg = Release|Any CPU
		{136A8454-C0D2-D5C3-6251-061AF95E5892}.Release|Any CPU.Build.0 = Release|Any CPU
		{9A815FFA-63EC-4C18-559E-52FE543D8860}.Debug|Any CPU.ActiveCfg = Debug|Any CPU
		{9A815FFA-63EC-4C18-559E-52FE543D8860}.Debug|Any CPU.Build.0 = Debug|Any CPU
		{9A815FFA-63EC-4C18-559E-52FE543D8860}.Release|Any CPU.ActiveCfg = Release|Any CPU
		{9A815FFA-63EC-4C18-559E-52FE543D8860}.Release|Any CPU.Build.0 = Release|Any CPU
		{8013C675-5ECF-6C1A-25BA-F555CF8ED4EB}.Debug|Any CPU.ActiveCfg = Debug|Any CPU
		{8013C675-5ECF-6C1A-25BA-F555CF8ED4EB}.Debug|Any CPU.Build.0 = Debug|Any CPU
		{8013C675-5ECF-6C1A-25BA-F555CF8ED4EB}.Release|Any CPU.ActiveCfg = Release|Any CPU
		{8013C675-5ECF-6C1A-25BA-F555CF8ED4EB}.Release|Any CPU.Build.0 = Release|Any CPU
	EndGlobalSection
	GlobalSection(SolutionProperties) = preSolution
		HideSolutionNode = FALSE
	EndGlobalSection
	GlobalSection(MonoDevelopProperties) = preSolution
		StartupItem = Assembly-CSharp.csproj
	EndGlobalSection
EndGlobal
